
Microsoft Visual Studio Solution File, Format Version 12.00
# Visual Studio Version 16
VisualStudioVersion = 16.0.31129.286
MinimumVisualStudioVersion = 10.0.40219.1
Project("{FAE04EC0-301F-11D3-BF4B-00C04F79EFBC}") = "AdminTemplate", "AdminTemplate.csproj", "{2DAD303C-7249-43AF-8EC1-763C29D68F11}"
EndProject
Global
	GlobalSection(SolutionConfigurationPlatforms) = preSolution
		Debug|Any CPU = Debug|Any CPU
		Release|Any CPU = Release|Any CPU
	EndGlobalSection
	GlobalSection(ProjectConfigurationPlatforms) = postSolution
		{2DAD303C-7249-43AF-8EC1-763C29D68F11}.Debug|Any CPU.ActiveCfg = Debug|Any CPU
		{2DAD303C-7249-43AF-8EC1-763C29D68F11}.Debug|Any CPU.Build.0 = Debug|Any CPU
		{2DAD303C-7249-43AF-8EC1-763C29D68F11}.Release|Any CPU.ActiveCfg = Release|Any CPU
		{2DAD303C-7249-43AF-8EC1-763C29D68F11}.Release|Any CPU.Build.0 = Release|Any CPU
	EndGlobalSection
	GlobalSection(SolutionProperties) = preSolution
		HideSolutionNode = FALSE
	EndGlobalSection
	GlobalSection(ExtensibilityGlobals) = postSolution
		SolutionGuid = {665E3824-AA5E-470F-9E59-3753F95BDBE0}
	EndGlobalSection
EndGlobal
